{
  "name": "bundesliga2",
  "lockfileVersion": 3,
  "requires": true,
  "packages": {
    "": {
      "dependencies": {
        "flag-icons": "^7.3.2",
        "jquery": "^3.7.1"
      }
    },
    "node_modules/flag-icons": {
      "version": "7.3.2",
      "resolved": "https://registry.npmjs.org/flag-icons/-/flag-icons-7.3.2.tgz",
      "integrity": "sha512-QkaZ6Zvai8LIjx+UNAHUJ5Dhz9OLZpBDwCRWxF6YErxIcR16jTkIFm3bFu54EkvKQy4+wicW+Gm7/0631wVQyQ=="
    },
    "node_modules/jquery": {
      "version": "3.7.1",
      "resolved": "https://registry.npmjs.org/jquery/-/jquery-3.7.1.tgz",
      "integrity": "sha512-m4avr8yL8kmFN8psrbFFFmB/If14iN5o9nw/NgnnM+kybDJpRsAynV2BsfpTYrTRysYUdADVD7CkUUizgkpLfg=="
    }
  }
}
